
Microsoft Visual Studio Solution File, Format Version 12.00
# Visual Studio Version 17
VisualStudioVersion = 17.0.32112.339
MinimumVisualStudioVersion = 10.0.40219.1
Project("{FAE04EC0-301F-11D3-BF4B-00C04F79EFBC}") = "WpfApp1", "WpfApp1.csproj", "{6B250D1D-1FAB-4A0F-9AFC-36B963AC5A1A}"
EndProject
Global
	GlobalSection(SolutionConfigurationPlatforms) = preSolution
		Debug|Any CPU = Debug|Any CPU
		Release|Any CPU = Release|Any CPU
	EndGlobalSection
	GlobalSection(ProjectConfigurationPlatforms) = postSolution
		{6B250D1D-1FAB-4A0F-9AFC-36B963AC5A1A}.Debug|Any CPU.ActiveCfg = Debug|Any CPU
		{6B250D1D-1FAB-4A0F-9AFC-36B963AC5A1A}.Debug|Any CPU.Build.0 = Debug|Any CPU
		{6B250D1D-1FAB-4A0F-9AFC-36B963AC5A1A}.Release|Any CPU.ActiveCfg = Release|Any CPU
		{6B250D1D-1FAB-4A0F-9AFC-36B963AC5A1A}.Release|Any CPU.Build.0 = Release|Any CPU
	EndGlobalSection
	GlobalSection(SolutionProperties) = preSolution
		HideSolutionNode = FALSE
	EndGlobalSection
	GlobalSection(ExtensibilityGlobals) = postSolution
		SolutionGuid = {EE8CAA54-DD6A-4E96-A2E6-FBF8AE094E6F}
	EndGlobalSection
EndGlobal
